
Microsoft Visual Studio Solution File, Format Version 12.00
# Visual Studio Version 17
VisualStudioVersion = 17.4.33103.184
MinimumVisualStudioVersion = 10.0.40219.1
Project("{9A19103F-16F7-4668-BE54-9A1E7A4F7556}") = "QuizApi", "QuizApi\QuizApi.csproj", "{35CB3AC9-6488-4F04-953E-CDFF00511747}"
EndProject
Project("{FAE04EC0-301F-11D3-BF4B-00C04F79EFBC}") = "QuizApiTests", "QuizApiTests\QuizApiTests.csproj", "{D8A1F6DA-8774-4E6C-9D43-B7AC9AC13AF7}"
EndProject
Global
	GlobalSection(SolutionConfigurationPlatforms) = preSolution
		Debug|Any CPU = Debug|Any CPU
		Release|Any CPU = Release|Any CPU
	EndGlobalSection
	GlobalSection(ProjectConfigurationPlatforms) = postSolution
		{35CB3AC9-6488-4F04-953E-CDFF00511747}.Debug|Any CPU.ActiveCfg = Debug|Any CPU
		{35CB3AC9-6488-4F04-953E-CDFF00511747}.Debug|Any CPU.Build.0 = Debug|Any CPU
		{35CB3AC9-6488-4F04-953E-CDFF00511747}.Release|Any CPU.ActiveCfg = Release|Any CPU
		{35CB3AC9-6488-4F04-953E-CDFF00511747}.Release|Any CPU.Build.0 = Release|Any CPU
		{D8A1F6DA-8774-4E6C-9D43-B7AC9AC13AF7}.Debug|Any CPU.ActiveCfg = Debug|Any CPU
		{D8A1F6DA-8774-4E6C-9D43-B7AC9AC13AF7}.Debug|Any CPU.Build.0 = Debug|Any CPU
		{D8A1F6DA-8774-4E6C-9D43-B7AC9AC13AF7}.Release|Any CPU.ActiveCfg = Release|Any CPU
		{D8A1F6DA-8774-4E6C-9D43-B7AC9AC13AF7}.Release|Any CPU.Build.0 = Release|Any CPU
	EndGlobalSection
	GlobalSection(SolutionProperties) = preSolution
		HideSolutionNode = FALSE
	EndGlobalSection
	GlobalSection(ExtensibilityGlobals) = postSolution
		SolutionGuid = {AC351855-3DC8-4A4F-900E-255BBB84E79F}
	EndGlobalSection
EndGlobal
